
Microsoft Visual Studio Solution File, Format Version 12.00
# Visual Studio Version 17
VisualStudioVersion = 17.14.36429.23
MinimumVisualStudioVersion = 10.0.40219.1
Project("{2150E333-8FDC-42A3-9474-1A3956D46DE8}") = "Task0", "Task0", "{02EA681E-C7D8-13C7-8484-4AC65E1B71E8}"
EndProject
Project("{FAE04EC0-301F-11D3-BF4B-00C04F79EFBC}") = "Tyuiu.BiryukovAY.Sprint0.Task0.V0", "Tyuiu.BiryukovAY.Sprint0.Task0.V0\Tyuiu.BiryukovAY.Sprint0.Task0.V0.csproj", "{10426AB0-85AC-4723-B38D-C58B4ADC6397}"
EndProject
Project("{2150E333-8FDC-42A3-9474-1A3956D46DE8}") = "Task1", "Task1", "{F234F2CD-800D-4A6A-BE0C-8ECB5FE51736}"
EndProject
Project("{FAE04EC0-301F-11D3-BF4B-00C04F79EFBC}") = "Tyuiu.BiryukovAY.Sprint0.Task1.V0", "Tyuiu.BiryukovAY.Sprint0.Task1.V0\Tyuiu.BiryukovAY.Sprint0.Task1.V0.csproj", "{C2CA9489-BCF9-483C-B015-061B4415EAB0}"
EndProject
Project("{2150E333-8FDC-42A3-9474-1A3956D46DE8}") = "Task2", "Task2", "{54BB88B9-DCBA-43C2-B073-A13D90989611}"
EndProject
Project("{FAE04EC0-301F-11D3-BF4B-00C04F79EFBC}") = "Tyuiu.BiryukovAY.Sprint0.Task2.V0", "Tyuiu.BiryukovAY.Sprint0.Task2.V0\Tyuiu.BiryukovAY.Sprint0.Task2.V0.csproj", "{EA7252DF-5873-4681-B8F8-13102503F48A}"
EndProject
Project("{FAE04EC0-301F-11D3-BF4B-00C04F79EFBC}") = "Tyuiu.BiryukovAY.Sprint0.Task2.V0.Lib", "Tyuiu.BiryukovAY.Sprint0.Task2.V0.Lib\Tyuiu.BiryukovAY.Sprint0.Task2.V0.Lib.csproj", "{9C9B2702-7DA0-4B75-BA8F-A05E44160C2D}"
EndProject
Project("{FAE04EC0-301F-11D3-BF4B-00C04F79EFBC}") = "Tyuiu.BiryukovAY.Sprint0.Task2.V0.Test", "Tyuiu.BiryukovAY.Sprint0.Task2.V0.Test\Tyuiu.BiryukovAY.Sprint0.Task2.V0.Test.csproj", "{E9A0A94E-B814-4412-89DD-A1A258D1888B}"
EndProject
Global
	GlobalSection(SolutionConfigurationPlatforms) = preSolution
		Debug|Any CPU = Debug|Any CPU
		Release|Any CPU = Release|Any CPU
	EndGlobalSection
	GlobalSection(ProjectConfigurationPlatforms) = postSolution
		{10426AB0-85AC-4723-B38D-C58B4ADC6397}.Debug|Any CPU.ActiveCfg = Debug|Any CPU
		{10426AB0-85AC-4723-B38D-C58B4ADC6397}.Debug|Any CPU.Build.0 = Debug|Any CPU
		{10426AB0-85AC-4723-B38D-C58B4ADC6397}.Release|Any CPU.ActiveCfg = Release|Any CPU
		{10426AB0-85AC-4723-B38D-C58B4ADC6397}.Release|Any CPU.Build.0 = Release|Any CPU
		{C2CA9489-BCF9-483C-B015-061B4415EAB0}.Debug|Any CPU.ActiveCfg = Debug|Any CPU
		{C2CA9489-BCF9-483C-B015-061B4415EAB0}.Debug|Any CPU.Build.0 = Debug|Any CPU
		{C2CA9489-BCF9-483C-B015-061B4415EAB0}.Release|Any CPU.ActiveCfg = Release|Any CPU
		{C2CA9489-BCF9-483C-B015-061B4415EAB0}.Release|Any CPU.Build.0 = Release|Any CPU
		{EA7252DF-5873-4681-B8F8-13102503F48A}.Debug|Any CPU.ActiveCfg = Debug|Any CPU
		{EA7252DF-5873-4681-B8F8-13102503F48A}.Debug|Any CPU.Build.0 = Debug|Any CPU
		{EA7252DF-5873-4681-B8F8-13102503F48A}.Release|Any CPU.ActiveCfg = Release|Any CPU
		{EA7252DF-5873-4681-B8F8-13102503F48A}.Release|Any CPU.Build.0 = Release|Any CPU
		{9C9B2702-7DA0-4B75-BA8F-A05E44160C2D}.Debug|Any CPU.ActiveCfg = Debug|Any CPU
		{9C9B2702-7DA0-4B75-BA8F-A05E44160C2D}.Debug|Any CPU.Build.0 = Debug|Any CPU
		{9C9B2702-7DA0-4B75-BA8F-A05E44160C2D}.Release|Any CPU.ActiveCfg = Release|Any CPU
		{9C9B2702-7DA0-4B75-BA8F-A05E44160C2D}.Release|Any CPU.Build.0 = Release|Any CPU
		{E9A0A94E-B814-4412-89DD-A1A258D1888B}.Debug|Any CPU.ActiveCfg = Debug|Any CPU
		{E9A0A94E-B814-4412-89DD-A1A258D1888B}.Debug|Any CPU.Build.0 = Debug|Any CPU
		{E9A0A94E-B814-4412-89DD-A1A258D1888B}.Release|Any CPU.ActiveCfg = Release|Any CPU
		{E9A0A94E-B814-4412-89DD-A1A258D1888B}.Release|Any CPU.Build.0 = Release|Any CPU
	EndGlobalSection
	GlobalSection(SolutionProperties) = preSolution
		HideSolutionNode = FALSE
	EndGlobalSection
	GlobalSection(NestedProjects) = preSolution
		{10426AB0-85AC-4723-B38D-C58B4ADC6397} = {02EA681E-C7D8-13C7-8484-4AC65E1B71E8}
		{C2CA9489-BCF9-483C-B015-061B4415EAB0} = {F234F2CD-800D-4A6A-BE0C-8ECB5FE51736}
		{EA7252DF-5873-4681-B8F8-13102503F48A} = {54BB88B9-DCBA-43C2-B073-A13D90989611}
		{9C9B2702-7DA0-4B75-BA8F-A05E44160C2D} = {54BB88B9-DCBA-43C2-B073-A13D90989611}
		{E9A0A94E-B814-4412-89DD-A1A258D1888B} = {54BB88B9-DCBA-43C2-B073-A13D90989611}
	EndGlobalSection
	GlobalSection(ExtensibilityGlobals) = postSolution
		SolutionGuid = {E38A3B3D-71F0-4AC5-9610-8279799AE1A8}
	EndGlobalSection
EndGlobal
