
Microsoft Visual Studio Solution File, Format Version 12.00
# Visual Studio Version 17
VisualStudioVersion = 17.14.36429.23
MinimumVisualStudioVersion = 10.0.40219.1
Project("{2150E333-8FDC-42A3-9474-1A3956D46DE8}") = "Task0", "Task0", "{02EA681E-C7D8-13C7-8484-4AC65E1B71E8}"
EndProject
Project("{FAE04EC0-301F-11D3-BF4B-00C04F79EFBC}") = "Tyuiu.BiryukovAY.Sprint0.Task0.V0", "Tyuiu.BiryukovAY.Sprint0.Task0.V0\Tyuiu.BiryukovAY.Sprint0.Task0.V0.csproj", "{10426AB0-85AC-4723-B38D-C58B4ADC6397}"
EndProject
Project("{2150E333-8FDC-42A3-9474-1A3956D46DE8}") = "Task1", "Task1", "{F234F2CD-800D-4A6A-BE0C-8ECB5FE51736}"
EndProject
Project("{FAE04EC0-301F-11D3-BF4B-00C04F79EFBC}") = "Tyuiu.BiryukovAY.Sprint0.Task1.V0", "Tyuiu.BiryukovAY.Sprint0.Task1.V0\Tyuiu.BiryukovAY.Sprint0.Task1.V0.csproj", "{C2CA9489-BCF9-483C-B015-061B4415EAB0}"
EndProject
Project("{2150E333-8FDC-42A3-9474-1A3956D46DE8}") = "Task2", "Task2", "{54BB88B9-DCBA-43C2-B073-A13D90989611}"
EndProject
Project("{FAE04EC0-301F-11D3-BF4B-00C04F79EFBC}") = "Tyuiu.BiryukovAY.Sprint0.Task2.V0", "Tyuiu.BiryukovAY.Sprint0.Task2.V0\Tyuiu.BiryukovAY.Sprint0.Task2.V0.csproj", "{EA7252DF-5873-4681-B8F8-13102503F48A}"
EndProject
Project("{FAE04EC0-301F-11D3-BF4B-00C04F79EFBC}") = "Tyuiu.BiryukovAY.Sprint0.Task2.V0.Lib", "Tyuiu.BiryukovAY.Sprint0.Task2.V0.Lib\Tyuiu.BiryukovAY.Sprint0.Task2.V0.Lib.csproj", "{9C9B2702-7DA0-4B75-BA8F-A05E44160C2D}"
EndProject
Project("{FAE04EC0-301F-11D3-BF4B-00C04F79EFBC}") = "Tyuiu.BiryukovAY.Sprint0.Task2.V0.Test", "Tyuiu.BiryukovAY.Sprint0.Task2.V0.Test\Tyuiu.BiryukovAY.Sprint0.Task2.V0.Test.csproj", "{E9A0A94E-B814-4412-89DD-A1A258D1888B}"
EndProject
Project("{2150E333-8FDC-42A3-9474-1A3956D46DE8}") = "Task3", "Task3", "{8DD9708C-2D5B-468D-B6B5-234D66E9A9D6}"
EndProject
Project("{FAE04EC0-301F-11D3-BF4B-00C04F79EFBC}") = "Tyuiu.BiryukovAY.Sprint0.Task3.V0", "Tyuiu.BiryukovAY.Sprint0.Task3.V0\Tyuiu.BiryukovAY.Sprint0.Task3.V0.csproj", "{DC3DA205-491C-4C91-8251-0EE390AE932D}"
EndProject
Project("{FAE04EC0-301F-11D3-BF4B-00C04F79EFBC}") = "Tyuiu.BiryukovAY.Sprint0.Task3.V0.Lib", "Tyuiu.BiryukovAY.Sprint0.Task3.V0.Lib\Tyuiu.BiryukovAY.Sprint0.Task3.V0.Lib.csproj", "{1326814B-FFDB-4341-91CC-6F8D699B78D1}"
EndProject
Project("{FAE04EC0-301F-11D3-BF4B-00C04F79EFBC}") = "Tyuiu.BiryukovAY.Sprint0.Task3.V0.Test", "Tyuiu.BiryukovAY.Sprint0.Task3.V0.Test\Tyuiu.BiryukovAY.Sprint0.Task3.V0.Test.csproj", "{A003C8A0-C222-4CF6-A40A-39F7F6042755}"
EndProject
Project("{2150E333-8FDC-42A3-9474-1A3956D46DE8}") = "Task4", "Task4", "{F2CE6326-C312-419F-8EE6-4FB10B62B804}"
EndProject
Project("{FAE04EC0-301F-11D3-BF4B-00C04F79EFBC}") = "Tyuiu.BiryukovAY.Sprint0.Task4.V0", "Tyuiu.BiryukovAY.Sprint0.Task4.V0\Tyuiu.BiryukovAY.Sprint0.Task4.V0.csproj", "{882AC1A3-8DCA-417A-B73E-D39FB7A325FA}"
EndProject
Project("{FAE04EC0-301F-11D3-BF4B-00C04F79EFBC}") = "Tyuiu.BiryukovAY.Sprint0.Task4.V0.Test", "Tyuiu.BiryukovAY.Sprint0.Task4.V0.Test\Tyuiu.BiryukovAY.Sprint0.Task4.V0.Test.csproj", "{C98F7D09-E27F-4DA8-81B0-AEF90EC80FA9}"
EndProject
Project("{FAE04EC0-301F-11D3-BF4B-00C04F79EFBC}") = "Tyuiu.BiryukovAY.Sprint0.Task4.V0.Lib", "Tyuiu.BiryukovAY.Sprint0.Task4.V0.Lib\Tyuiu.BiryukovAY.Sprint0.Task4.V0.Lib.csproj", "{05491F38-ADE4-4C0A-9EBD-85E08F3A3614}"
EndProject
Project("{2150E333-8FDC-42A3-9474-1A3956D46DE8}") = "Task5", "Task5", "{3673DC4F-A07E-443E-804E-E9283912C164}"
EndProject
Project("{FAE04EC0-301F-11D3-BF4B-00C04F79EFBC}") = "Tyuiu.BiryukovAY.Sprint0.Task5.V0", "Tyuiu.BiryukovAY.Sprint0.Task5.V0\Tyuiu.BiryukovAY.Sprint0.Task5.V0.csproj", "{BB22D998-EC19-433F-89F8-75855B12B810}"
EndProject
Project("{FAE04EC0-301F-11D3-BF4B-00C04F79EFBC}") = "Tyuiu.BiryukovAY.Sprint0.Task5.V0.Lib", "Tyuiu.BiryukovAY.Sprint0.Task5.V0.Lib\Tyuiu.BiryukovAY.Sprint0.Task5.V0.Lib.csproj", "{A3E4BE45-F99A-4831-B5B3-0501986DA705}"
EndProject
Project("{FAE04EC0-301F-11D3-BF4B-00C04F79EFBC}") = "Tyuiu.BiryukovAY.Sprint0.Task5.V0.Test", "Tyuiu.BiryukovAY.Sprint0.Task5.V0.Test\Tyuiu.BiryukovAY.Sprint0.Task5.V0.Test.csproj", "{B1E766D8-DD68-4318-A517-3EE5E447CE68}"
EndProject
Global
	GlobalSection(SolutionConfigurationPlatforms) = preSolution
		Debug|Any CPU = Debug|Any CPU
		Release|Any CPU = Release|Any CPU
	EndGlobalSection
	GlobalSection(ProjectConfigurationPlatforms) = postSolution
		{10426AB0-85AC-4723-B38D-C58B4ADC6397}.Debug|Any CPU.ActiveCfg = Debug|Any CPU
		{10426AB0-85AC-4723-B38D-C58B4ADC6397}.Debug|Any CPU.Build.0 = Debug|Any CPU
		{10426AB0-85AC-4723-B38D-C58B4ADC6397}.Release|Any CPU.ActiveCfg = Release|Any CPU
		{10426AB0-85AC-4723-B38D-C58B4ADC6397}.Release|Any CPU.Build.0 = Release|Any CPU
		{C2CA9489-BCF9-483C-B015-061B4415EAB0}.Debug|Any CPU.ActiveCfg = Debug|Any CPU
		{C2CA9489-BCF9-483C-B015-061B4415EAB0}.Debug|Any CPU.Build.0 = Debug|Any CPU
		{C2CA9489-BCF9-483C-B015-061B4415EAB0}.Release|Any CPU.ActiveCfg = Release|Any CPU
		{C2CA9489-BCF9-483C-B015-061B4415EAB0}.Release|Any CPU.Build.0 = Release|Any CPU
		{EA7252DF-5873-4681-B8F8-13102503F48A}.Debug|Any CPU.ActiveCfg = Debug|Any CPU
		{EA7252DF-5873-4681-B8F8-13102503F48A}.Debug|Any CPU.Build.0 = Debug|Any CPU
		{EA7252DF-5873-4681-B8F8-13102503F48A}.Release|Any CPU.ActiveCfg = Release|Any CPU
		{EA7252DF-5873-4681-B8F8-13102503F48A}.Release|Any CPU.Build.0 = Release|Any CPU
		{9C9B2702-7DA0-4B75-BA8F-A05E44160C2D}.Debug|Any CPU.ActiveCfg = Debug|Any CPU
		{9C9B2702-7DA0-4B75-BA8F-A05E44160C2D}.Debug|Any CPU.Build.0 = Debug|Any CPU
		{9C9B2702-7DA0-4B75-BA8F-A05E44160C2D}.Release|Any CPU.ActiveCfg = Release|Any CPU
		{9C9B2702-7DA0-4B75-BA8F-A05E44160C2D}.Release|Any CPU.Build.0 = Release|Any CPU
		{E9A0A94E-B814-4412-89DD-A1A258D1888B}.Debug|Any CPU.ActiveCfg = Debug|Any CPU
		{E9A0A94E-B814-4412-89DD-A1A258D1888B}.Debug|Any CPU.Build.0 = Debug|Any CPU
		{E9A0A94E-B814-4412-89DD-A1A258D1888B}.Release|Any CPU.ActiveCfg = Release|Any CPU
		{E9A0A94E-B814-4412-89DD-A1A258D1888B}.Release|Any CPU.Build.0 = Release|Any CPU
		{DC3DA205-491C-4C91-8251-0EE390AE932D}.Debug|Any CPU.ActiveCfg = Debug|Any CPU
		{DC3DA205-491C-4C91-8251-0EE390AE932D}.Debug|Any CPU.Build.0 = Debug|Any CPU
		{DC3DA205-491C-4C91-8251-0EE390AE932D}.Release|Any CPU.ActiveCfg = Release|Any CPU
		{DC3DA205-491C-4C91-8251-0EE390AE932D}.Release|Any CPU.Build.0 = Release|Any CPU
		{1326814B-FFDB-4341-91CC-6F8D699B78D1}.Debug|Any CPU.ActiveCfg = Debug|Any CPU
		{1326814B-FFDB-4341-91CC-6F8D699B78D1}.Debug|Any CPU.Build.0 = Debug|Any CPU
		{1326814B-FFDB-4341-91CC-6F8D699B78D1}.Release|Any CPU.ActiveCfg = Release|Any CPU
		{1326814B-FFDB-4341-91CC-6F8D699B78D1}.Release|Any CPU.Build.0 = Release|Any CPU
		{A003C8A0-C222-4CF6-A40A-39F7F6042755}.Debug|Any CPU.ActiveCfg = Debug|Any CPU
		{A003C8A0-C222-4CF6-A40A-39F7F6042755}.Debug|Any CPU.Build.0 = Debug|Any CPU
		{A003C8A0-C222-4CF6-A40A-39F7F6042755}.Release|Any CPU.ActiveCfg = Release|Any CPU
		{A003C8A0-C222-4CF6-A40A-39F7F6042755}.Release|Any CPU.Build.0 = Release|Any CPU
		{882AC1A3-8DCA-417A-B73E-D39FB7A325FA}.Debug|Any CPU.ActiveCfg = Debug|Any CPU
		{882AC1A3-8DCA-417A-B73E-D39FB7A325FA}.Debug|Any CPU.Build.0 = Debug|Any CPU
		{882AC1A3-8DCA-417A-B73E-D39FB7A325FA}.Release|Any CPU.ActiveCfg = Release|Any CPU
		{882AC1A3-8DCA-417A-B73E-D39FB7A325FA}.Release|Any CPU.Build.0 = Release|Any CPU
		{C98F7D09-E27F-4DA8-81B0-AEF90EC80FA9}.Debug|Any CPU.ActiveCfg = Debug|Any CPU
		{C98F7D09-E27F-4DA8-81B0-AEF90EC80FA9}.Debug|Any CPU.Build.0 = Debug|Any CPU
		{C98F7D09-E27F-4DA8-81B0-AEF90EC80FA9}.Release|Any CPU.ActiveCfg = Release|Any CPU
		{C98F7D09-E27F-4DA8-81B0-AEF90EC80FA9}.Release|Any CPU.Build.0 = Release|Any CPU
		{05491F38-ADE4-4C0A-9EBD-85E08F3A3614}.Debug|Any CPU.ActiveCfg = Debug|Any CPU
		{05491F38-ADE4-4C0A-9EBD-85E08F3A3614}.Debug|Any CPU.Build.0 = Debug|Any CPU
		{05491F38-ADE4-4C0A-9EBD-85E08F3A3614}.Release|Any CPU.ActiveCfg = Release|Any CPU
		{05491F38-ADE4-4C0A-9EBD-85E08F3A3614}.Release|Any CPU.Build.0 = Release|Any CPU
		{BB22D998-EC19-433F-89F8-75855B12B810}.Debug|Any CPU.ActiveCfg = Debug|Any CPU
		{BB22D998-EC19-433F-89F8-75855B12B810}.Debug|Any CPU.Build.0 = Debug|Any CPU
		{BB22D998-EC19-433F-89F8-75855B12B810}.Release|Any CPU.ActiveCfg = Release|Any CPU
		{BB22D998-EC19-433F-89F8-75855B12B810}.Release|Any CPU.Build.0 = Release|Any CPU
		{A3E4BE45-F99A-4831-B5B3-0501986DA705}.Debug|Any CPU.ActiveCfg = Debug|Any CPU
		{A3E4BE45-F99A-4831-B5B3-0501986DA705}.Debug|Any CPU.Build.0 = Debug|Any CPU
		{A3E4BE45-F99A-4831-B5B3-0501986DA705}.Release|Any CPU.ActiveCfg = Release|Any CPU
		{A3E4BE45-F99A-4831-B5B3-0501986DA705}.Release|Any CPU.Build.0 = Release|Any CPU
		{B1E766D8-DD68-4318-A517-3EE5E447CE68}.Debug|Any CPU.ActiveCfg = Debug|Any CPU
		{B1E766D8-DD68-4318-A517-3EE5E447CE68}.Debug|Any CPU.Build.0 = Debug|Any CPU
		{B1E766D8-DD68-4318-A517-3EE5E447CE68}.Release|Any CPU.ActiveCfg = Release|Any CPU
		{B1E766D8-DD68-4318-A517-3EE5E447CE68}.Release|Any CPU.Build.0 = Release|Any CPU
	EndGlobalSection
	GlobalSection(SolutionProperties) = preSolution
		HideSolutionNode = FALSE
	EndGlobalSection
	GlobalSection(NestedProjects) = preSolution
		{10426AB0-85AC-4723-B38D-C58B4ADC6397} = {02EA681E-C7D8-13C7-8484-4AC65E1B71E8}
		{C2CA9489-BCF9-483C-B015-061B4415EAB0} = {F234F2CD-800D-4A6A-BE0C-8ECB5FE51736}
		{EA7252DF-5873-4681-B8F8-13102503F48A} = {54BB88B9-DCBA-43C2-B073-A13D90989611}
		{9C9B2702-7DA0-4B75-BA8F-A05E44160C2D} = {54BB88B9-DCBA-43C2-B073-A13D90989611}
		{E9A0A94E-B814-4412-89DD-A1A258D1888B} = {54BB88B9-DCBA-43C2-B073-A13D90989611}
		{DC3DA205-491C-4C91-8251-0EE390AE932D} = {8DD9708C-2D5B-468D-B6B5-234D66E9A9D6}
		{1326814B-FFDB-4341-91CC-6F8D699B78D1} = {8DD9708C-2D5B-468D-B6B5-234D66E9A9D6}
		{A003C8A0-C222-4CF6-A40A-39F7F6042755} = {8DD9708C-2D5B-468D-B6B5-234D66E9A9D6}
		{882AC1A3-8DCA-417A-B73E-D39FB7A325FA} = {F2CE6326-C312-419F-8EE6-4FB10B62B804}
		{C98F7D09-E27F-4DA8-81B0-AEF90EC80FA9} = {F2CE6326-C312-419F-8EE6-4FB10B62B804}
		{05491F38-ADE4-4C0A-9EBD-85E08F3A3614} = {F2CE6326-C312-419F-8EE6-4FB10B62B804}
		{BB22D998-EC19-433F-89F8-75855B12B810} = {3673DC4F-A07E-443E-804E-E9283912C164}
		{A3E4BE45-F99A-4831-B5B3-0501986DA705} = {3673DC4F-A07E-443E-804E-E9283912C164}
		{B1E766D8-DD68-4318-A517-3EE5E447CE68} = {3673DC4F-A07E-443E-804E-E9283912C164}
	EndGlobalSection
	GlobalSection(ExtensibilityGlobals) = postSolution
		SolutionGuid = {E38A3B3D-71F0-4AC5-9610-8279799AE1A8}
	EndGlobalSection
EndGlobal
