
Microsoft Visual Studio Solution File, Format Version 12.00
# Visual Studio Version 17
VisualStudioVersion = 17.14.36429.23 d17.14
MinimumVisualStudioVersion = 10.0.40219.1
Project("{2150E333-8FDC-42A3-9474-1A3956D46DE8}") = "Task0", "Task0", "{02EA681E-C7D8-13C7-8484-4AC65E1B71E8}"
EndProject
Project("{FAE04EC0-301F-11D3-BF4B-00C04F79EFBC}") = "Tyuiu.BiryukovAY.Sprint0.Task0.V0", "Tyuiu.BiryukovAY.Sprint0.Task0.V0\Tyuiu.BiryukovAY.Sprint0.Task0.V0.csproj", "{10426AB0-85AC-4723-B38D-C58B4ADC6397}"
EndProject
Global
	GlobalSection(SolutionConfigurationPlatforms) = preSolution
		Debug|Any CPU = Debug|Any CPU
		Release|Any CPU = Release|Any CPU
	EndGlobalSection
	GlobalSection(ProjectConfigurationPlatforms) = postSolution
		{10426AB0-85AC-4723-B38D-C58B4ADC6397}.Debug|Any CPU.ActiveCfg = Debug|Any CPU
		{10426AB0-85AC-4723-B38D-C58B4ADC6397}.Debug|Any CPU.Build.0 = Debug|Any CPU
		{10426AB0-85AC-4723-B38D-C58B4ADC6397}.Release|Any CPU.ActiveCfg = Release|Any CPU
		{10426AB0-85AC-4723-B38D-C58B4ADC6397}.Release|Any CPU.Build.0 = Release|Any CPU
	EndGlobalSection
	GlobalSection(SolutionProperties) = preSolution
		HideSolutionNode = FALSE
	EndGlobalSection
	GlobalSection(NestedProjects) = preSolution
		{10426AB0-85AC-4723-B38D-C58B4ADC6397} = {02EA681E-C7D8-13C7-8484-4AC65E1B71E8}
	EndGlobalSection
	GlobalSection(ExtensibilityGlobals) = postSolution
		SolutionGuid = {E38A3B3D-71F0-4AC5-9610-8279799AE1A8}
	EndGlobalSection
EndGlobal
